
Microsoft Visual Studio Solution File, Format Version 12.00
# Visual Studio 15
VisualStudioVersion = 15.0.27130.2027
MinimumVisualStudioVersion = 10.0.40219.1
Project("{FAE04EC0-301F-11D3-BF4B-00C04F79EFBC}") = "MySchedule.Domain", "MySchedule.Domain\MySchedule.Domain.csproj", "{51BCA737-D9B7-411C-A3F0-EB428A904115}"
EndProject
Project("{FAE04EC0-301F-11D3-BF4B-00C04F79EFBC}") = "MySchedule.WebUI", "MySchedule.WebUI\MySchedule.WebUI.csproj", "{D26B18B5-61E4-4822-90A0-985FAB4EEBF4}"
EndProject
Project("{FAE04EC0-301F-11D3-BF4B-00C04F79EFBC}") = "MySchedule.UnitTests", "MySchedule.UnitTests\MySchedule.UnitTests.csproj", "{7E8CE99D-1FF0-43D0-BA04-A6C61B368B64}"
EndProject
Global
	GlobalSection(SolutionConfigurationPlatforms) = preSolution
		Debug|Any CPU = Debug|Any CPU
		Release|Any CPU = Release|Any CPU
	EndGlobalSection
	GlobalSection(ProjectConfigurationPlatforms) = postSolution
		{51BCA737-D9B7-411C-A3F0-EB428A904115}.Debug|Any CPU.ActiveCfg = Debug|Any CPU
		{51BCA737-D9B7-411C-A3F0-EB428A904115}.Debug|Any CPU.Build.0 = Debug|Any CPU
		{51BCA737-D9B7-411C-A3F0-EB428A904115}.Release|Any CPU.ActiveCfg = Release|Any CPU
		{51BCA737-D9B7-411C-A3F0-EB428A904115}.Release|Any CPU.Build.0 = Release|Any CPU
		{D26B18B5-61E4-4822-90A0-985FAB4EEBF4}.Debug|Any CPU.ActiveCfg = Debug|Any CPU
		{D26B18B5-61E4-4822-90A0-985FAB4EEBF4}.Debug|Any CPU.Build.0 = Debug|Any CPU
		{D26B18B5-61E4-4822-90A0-985FAB4EEBF4}.Release|Any CPU.ActiveCfg = Release|Any CPU
		{D26B18B5-61E4-4822-90A0-985FAB4EEBF4}.Release|Any CPU.Build.0 = Release|Any CPU
		{7E8CE99D-1FF0-43D0-BA04-A6C61B368B64}.Debug|Any CPU.ActiveCfg = Debug|Any CPU
		{7E8CE99D-1FF0-43D0-BA04-A6C61B368B64}.Debug|Any CPU.Build.0 = Debug|Any CPU
		{7E8CE99D-1FF0-43D0-BA04-A6C61B368B64}.Release|Any CPU.ActiveCfg = Release|Any CPU
		{7E8CE99D-1FF0-43D0-BA04-A6C61B368B64}.Release|Any CPU.Build.0 = Release|Any CPU
	EndGlobalSection
	GlobalSection(SolutionProperties) = preSolution
		HideSolutionNode = FALSE
	EndGlobalSection
	GlobalSection(ExtensibilityGlobals) = postSolution
		SolutionGuid = {2E043E31-F40D-49B6-8966-DD44D143B4C4}
	EndGlobalSection
EndGlobal
